
Microsoft Visual Studio Solution File, Format Version 12.00
# Visual Studio Version 17
VisualStudioVersion = 17.3.32901.215
MinimumVisualStudioVersion = 10.0.40219.1
Project("{9A19103F-16F7-4668-BE54-9A1E7A4F7556}") = "TestProject-Concepts-and-Interview-Questions", "Concepts-and-Interview-Questions-TestProject\TestProject-Concepts-and-Interview-Questions.csproj", "{E86F32A2-F0F2-403B-9F69-E56EAE131BFD}"
EndProject
Project("{9A19103F-16F7-4668-BE54-9A1E7A4F7556}") = "Concepts-and-Interview-Questions", "Concepts-and-Interview-Questions\Concepts-and-Interview-Questions.csproj", "{21AACFD0-50BC-4BBD-83CA-66B43A44F6F0}"
EndProject
Global
	GlobalSection(SolutionConfigurationPlatforms) = preSolution
		Debug|Any CPU = Debug|Any CPU
		Release|Any CPU = Release|Any CPU
	EndGlobalSection
	GlobalSection(ProjectConfigurationPlatforms) = postSolution
		{E86F32A2-F0F2-403B-9F69-E56EAE131BFD}.Debug|Any CPU.ActiveCfg = Debug|Any CPU
		{E86F32A2-F0F2-403B-9F69-E56EAE131BFD}.Debug|Any CPU.Build.0 = Debug|Any CPU
		{E86F32A2-F0F2-403B-9F69-E56EAE131BFD}.Release|Any CPU.ActiveCfg = Release|Any CPU
		{E86F32A2-F0F2-403B-9F69-E56EAE131BFD}.Release|Any CPU.Build.0 = Release|Any CPU
		{21AACFD0-50BC-4BBD-83CA-66B43A44F6F0}.Debug|Any CPU.ActiveCfg = Debug|Any CPU
		{21AACFD0-50BC-4BBD-83CA-66B43A44F6F0}.Debug|Any CPU.Build.0 = Debug|Any CPU
		{21AACFD0-50BC-4BBD-83CA-66B43A44F6F0}.Release|Any CPU.ActiveCfg = Release|Any CPU
		{21AACFD0-50BC-4BBD-83CA-66B43A44F6F0}.Release|Any CPU.Build.0 = Release|Any CPU
	EndGlobalSection
	GlobalSection(SolutionProperties) = preSolution
		HideSolutionNode = FALSE
	EndGlobalSection
	GlobalSection(ExtensibilityGlobals) = postSolution
		SolutionGuid = {66DCC681-EA39-43EB-9EC6-B0A36F81748D}
	EndGlobalSection
EndGlobal
